// !$*UTF8*$!
{
	archiveVersion = 1;
	classes = {
	};
	objectVersion = 50;
	objects = {

/* Begin PBXBuildFile section */
		086BC583240467CF00AEA4A7 /* AppDelegate.m in Sources */ = {isa = PBXBuildFile; fileRef = 086BC582240467CF00AEA4A7 /* AppDelegate.m */; };
		086BC586240467CF00AEA4A7 /* SceneDelegate.m in Sources */ = {isa = PBXBuildFile; fileRef = 086BC585240467CF00AEA4A7 /* SceneDelegate.m */; };
		086BC589240467CF00AEA4A7 /* ViewController.m in Sources */ = {isa = PBXBuildFile; fileRef = 086BC588240467CF00AEA4A7 /* ViewController.m */; };
		086BC58C240467CF00AEA4A7 /* Main.storyboard in Resources */ = {isa = PBXBuildFile; fileRef = 086BC58A240467CF00AEA4A7 /* Main.storyboard */; };
		086BC58E240467D000AEA4A7 /* Assets.xcassets in Resources */ = {isa = PBXBuildFile; fileRef = 086BC58D240467D000AEA4A7 /* Assets.xcassets */; };
		086BC591240467D000AEA4A7 /* LaunchScreen.storyboard in Resources */ = {isa = PBXBuildFile; fileRef = 086BC58F240467D000AEA4A7 /* LaunchScreen.storyboard */; };
		086BC594240467D000AEA4A7 /* main.m in Sources */ = {isa = PBXBuildFile; fileRef = 086BC593240467D000AEA4A7 /* main.m */; };
/* End PBXBuildFile section */

/* Begin PBXFileReference section */
		086BC57E240467CF00AEA4A7 /* MetalCube.app */ = {isa = PBXFileReference; explicitFileType = wrapper.application; includeInIndex = 0; path = MetalCube.app; sourceTree = BUILT_PRODUCTS_DIR; };
		086BC581240467CF00AEA4A7 /* AppDelegate.h */ = {isa = PBXFileReference; lastKnownFileType = sourcecode.c.h; path = AppDelegate.h; sourceTree = "<group>"; };
		086BC582240467CF00AEA4A7 /* AppDelegate.m */ = {isa = PBXFileReference; lastKnownFileType = sourcecode.c.objc; path = AppDelegate.m; sourceTree = "<group>"; };
		086BC584240467CF00AEA4A7 /* SceneDelegate.h */ = {isa = PBXFileReference; lastKnownFileType = sourcecode.c.h; path = SceneDelegate.h; sourceTree = "<group>"; };
		086BC585240467CF00AEA4A7 /* SceneDelegate.m */ = {isa = PBXFileReference; lastKnownFileType = sourcecode.c.objc; path = SceneDelegate.m; sourceTree = "<group>"; };
		086BC587240467CF00AEA4A7 /* ViewController.h */ = {isa = PBXFileReference; lastKnownFileType = sourcecode.c.h; path = ViewController.h; sourceTree = "<group>"; };
		086BC588240467CF00AEA4A7 /* ViewController.m */ = {isa = PBXFileReference; lastKnownFileType = sourcecode.c.objc; path = ViewController.m; sourceTree = "<group>"; };
		086BC58B240467CF00AEA4A7 /* Base */ = {isa = PBXFileReference; lastKnownFileType = file.storyboard; name = Base; path = Base.lproj/Main.storyboard; sourceTree = "<group>"; };
		086BC58D240467D000AEA4A7 /* Assets.xcassets */ = {isa = PBXFileReference; lastKnownFileType = folder.assetcatalog; path = Assets.xcassets; sourceTree = "<group>"; };
		086BC590240467D000AEA4A7 /* Base */ = {isa = PBXFileReference; lastKnownFileType = file.storyboard; name = Base; path = Base.lproj/LaunchScreen.storyboard; sourceTree = "<group>"; };
		086BC592240467D000AEA4A7 /* Info.plist */ = {isa = PBXFileReference; lastKnownFileType = text.plist.xml; path = Info.plist; sourceTree = "<group>"; };
		086BC593240467D000AEA4A7 /* main.m */ = {isa = PBXFileReference; lastKnownFileType = sourcecode.c.objc; path = main.m; sourceTree = "<group>"; };
/* End PBXFileReference section */

/* Begin PBXFrameworksBuildPhase section */
		086BC57B240467CF00AEA4A7 /* Frameworks */ = {
			isa = PBXFrameworksBuildPhase;
			buildActionMask = 2147483647;
			files = (
			);
			runOnlyForDeploymentPostprocessing = 0;
		};
/* End PBXFrameworksBuildPhase section */

/* Begin PBXGroup section */
		086BC575240467CF00AEA4A7 = {
			isa = PBXGroup;
			children = (
				086BC580240467CF00AEA4A7 /* MetalCube */,
				086BC57F240467CF00AEA4A7 /* Products */,
			);
			sourceTree = "<group>";
		};
		086BC57F240467CF00AEA4A7 /* Products */ = {
			isa = PBXGroup;
			children = (
				086BC57E240467CF00AEA4A7 /* MetalCube.app */,
			);
			name = Products;
			sourceTree = "<group>";
		};
		086BC580240467CF00AEA4A7 /* MetalCube */ = {
			isa = PBXGroup;
			children = (
				086BC581240467CF00AEA4A7 /* AppDelegate.h */,
				086BC582240467CF00AEA4A7 /* AppDelegate.m */,
				086BC584240467CF00AEA4A7 /* SceneDelegate.h */,
				086BC585240467CF00AEA4A7 /* SceneDelegate.m */,
				086BC587240467CF00AEA4A7 /* ViewController.h */,
				086BC588240467CF00AEA4A7 /* ViewController.m */,
				086BC58A240467CF00AEA4A7 /* Main.storyboard */,
				086BC58D240467D000AEA4A7 /* Assets.xcassets */,
				086BC58F240467D000AEA4A7 /* LaunchScreen.storyboard */,
				086BC592240467D000AEA4A7 /* Info.plist */,
				086BC593240467D000AEA4A7 /* main.m */,
			);
			path = MetalCube;
			sourceTree = "<group>";
		};
/* End PBXGroup section */

/* Begin PBXNativeTarget section */
		086BC57D240467CF00AEA4A7 /* MetalCube */ = {
			isa = PBXNativeTarget;
			buildConfigurationList = 086BC597240467D000AEA4A7 /* Build configuration list for PBXNativeTarget "MetalCube" */;
			buildPhases = (
				086BC57A240467CF00AEA4A7 /* Sources */,
				086BC57B240467CF00AEA4A7 /* Frameworks */,
				086BC57C240467CF00AEA4A7 /* Resources */,
			);
			buildRules = (
			);
			dependencies = (
			);
			name = MetalCube;
			productName = MetalCube;
			productReference = 086BC57E240467CF00AEA4A7 /* MetalCube.app */;
			productType = "com.apple.product-type.application";
		};
/* End PBXNativeTarget section */

/* Begin PBXProject section */
		086BC576240467CF00AEA4A7 /* Project object */ = {
			isa = PBXProject;
			attributes = {
				LastUpgradeCheck = 1130;
				ORGANIZATIONNAME = josephchow;
				TargetAttributes = {
					086BC57D240467CF00AEA4A7 = {
						CreatedOnToolsVersion = 11.3.1;
					};
				};
			};
			buildConfigurationList = 086BC579240467CF00AEA4A7 /* Build configuration list for PBXProject "MetalCube" */;
			compatibilityVersion = "Xcode 9.3";
			developmentRegion = en;
			hasScannedForEncodings = 0;
			knownRegions = (
				en,
				Base,
			);
			mainGroup = 086BC575240467CF00AEA4A7;
			productRefGroup = 086BC57F240467CF00AEA4A7 /* Products */;
			projectDirPath = "";
			projectRoot = "";
			targets = (
				086BC57D240467CF00AEA4A7 /* MetalCube */,
			);
		};
/* End PBXProject section */

/* Begin PBXResourcesBuildPhase section */
		086BC57C240467CF00AEA4A7 /* Resources */ = {
			isa = PBXResourcesBuildPhase;
			buildActionMask = 2147483647;
			files = (
				086BC591240467D000AEA4A7 /* LaunchScreen.storyboard in Resources */,
				086BC58E240467D000AEA4A7 /* Assets.xcassets in Resources */,
				086BC58C240467CF00AEA4A7 /* Main.storyboard in Resources */,
			);
			runOnlyForDeploymentPostprocessing = 0;
		};
/* End PBXResourcesBuildPhase section */

/* Begin PBXSourcesBuildPhase section */
		086BC57A240467CF00AEA4A7 /* Sources */ = {
			isa = PBXSourcesBuildPhase;
			buildActionMask = 2147483647;
			files = (
				086BC589240467CF00AEA4A7 /* ViewController.m in Sources */,
				086BC583240467CF00AEA4A7 /* AppDelegate.m in Sources */,
				086BC594240467D000AEA4A7 /* main.m in Sources */,
				086BC586240467CF00AEA4A7 /* SceneDelegate.m in Sources */,
			);
			runOnlyForDeploymentPostprocessing = 0;
		};
/* End PBXSourcesBuildPhase section */

/* Begin PBXVariantGroup section */
		086BC58A240467CF00AEA4A7 /* Main.storyboard */ = {
			isa = PBXVariantGroup;
			children = (
				086BC58B240467CF00AEA4A7 /* Base */,
			);
			name = Main.storyboard;
			sourceTree = "<group>";
		};
		086BC58F240467D000AEA4A7 /* LaunchScreen.storyboard */ = {
			isa = PBXVariantGroup;
			children = (
				086BC590240467D000AEA4A7 /* Base */,
			);
			name = LaunchScreen.storyboard;
			sourceTree = "<group>";
		};
/* End PBXVariantGroup section */

/* Begin XCBuildConfiguration section */
		086BC595240467D000AEA4A7 /* Debug */ = {
			isa = XCBuildConfiguration;
			buildSettings = {
				ALWAYS_SEARCH_USER_PATHS = NO;
				CLANG_ANALYZER_NONNULL = YES;
				CLANG_ANALYZER_NUMBER_OBJECT_CONVERSION = YES_AGGRESSIVE;
				CLANG_CXX_LANGUAGE_STANDARD = "gnu++14";
				CLANG_CXX_LIBRARY = "libc++";
				CLANG_ENABLE_MODULES = YES;
				CLANG_ENABLE_OBJC_ARC = YES;
				CLANG_ENABLE_OBJC_WEAK = YES;
				CLANG_WARN_BLOCK_CAPTURE_AUTORELEASING = YES;
				CLANG_WARN_BOOL_CONVERSION = YES;
				CLANG_WARN_COMMA = YES;
				CLANG_WARN_CONSTANT_CONVERSION = YES;
				CLANG_WARN_DEPRECATED_OBJC_IMPLEMENTATIONS = YES;
				CLANG_WARN_DIRECT_OBJC_ISA_USAGE = YES_ERROR;
				CLANG_WARN_DOCUMENTATION_COMMENTS = YES;
				CLANG_WARN_EMPTY_BODY = YES;
				CLANG_WARN_ENUM_CONVERSION = YES;
				CLANG_WARN_INFINITE_RECURSION = YES;
				CLANG_WARN_INT_CONVERSION = YES;
				CLANG_WARN_NON_LITERAL_NULL_CONVERSION = YES;
				CLANG_WARN_OBJC_IMPLICIT_RETAIN_SELF = YES;
				CLANG_WARN_OBJC_LITERAL_CONVERSION = YES;
				CLANG_WARN_OBJC_ROOT_CLASS = YES_ERROR;
				CLANG_WARN_RANGE_LOOP_ANALYSIS = YES;
				CLANG_WARN_STRICT_PROTOTYPES = YES;
				CLANG_WARN_SUSPICIOUS_MOVE = YES;
				CLANG_WARN_UNGUARDED_AVAILABILITY = YES_AGGRESSIVE;
				CLANG_WARN_UNREACHABLE_CODE = YES;
				CLANG_WARN__DUPLICATE_METHOD_MATCH = YES;
				COPY_PHASE_STRIP = NO;
				DEBUG_INFORMATION_FORMAT = dwarf;
				ENABLE_STRICT_OBJC_MSGSEND = YES;
				ENABLE_TESTABILITY = YES;
				GCC_C_LANGUAGE_STANDARD = gnu11;
				GCC_DYNAMIC_NO_PIC = NO;
				GCC_NO_COMMON_BLOCKS = YES;
				GCC_OPTIMIZATION_LEVEL = 0;
				GCC_PREPROCESSOR_DEFINITIONS = (
					"DEBUG=1",
					"$(inherited)",
				);
				GCC_WARN_64_TO_32_BIT_CONVERSION = YES;
				GCC_WARN_ABOUT_RETURN_TYPE = YES_ERROR;
				GCC_WARN_UNDECLARED_SELECTOR = YES;
				GCC_WARN_UNINITIALIZED_AUTOS = YES_AGGRESSIVE;
				GCC_WARN_UNUSED_FUNCTION = YES;
				GCC_WARN_UNUSED_VARIABLE = YES;
				IPHONEOS_DEPLOYMENT_TARGET = 13.2;
				MTL_ENABLE_DEBUG_INFO = INCLUDE_SOURCE;
				MTL_FAST_MATH = YES;
				ONLY_ACTIVE_ARCH = YES;
				SDKROOT = iphoneos;
			};
			name = Debug;
		};
		086BC596240467D000AEA4A7 /* Release */ = {
			isa = XCBuildConfiguration;
			buildSettings = {
				ALWAYS_SEARCH_USER_PATHS = NO;
				CLANG_ANALYZER_NONNULL = YES;
				CLANG_ANALYZER_NUMBER_OBJECT_CONVERSION = YES_AGGRESSIVE;
				CLANG_CXX_LANGUAGE_STANDARD = "gnu++14";
				CLANG_CXX_LIBRARY = "libc++";
				CLANG_ENABLE_MODULES = YES;
				CLANG_ENABLE_OBJC_ARC = YES;
				CLANG_ENABLE_OBJC_WEAK = YES;
				CLANG_WARN_BLOCK_CAPTURE_AUTORELEASING = YES;
				CLANG_WARN_BOOL_CONVERSION = YES;
				CLANG_WARN_COMMA = YES;
				CLANG_WARN_CONSTANT_CONVERSION = YES;
				CLANG_WARN_DEPRECATED_OBJC_IMPLEMENTATIONS = YES;
				CLANG_WARN_DIRECT_OBJC_ISA_USAGE = YES_ERROR;
				CLANG_WARN_DOCUMENTATION_COMMENTS = YES;
				CLANG_WARN_EMPTY_BODY = YES;
				CLANG_WARN_ENUM_CONVERSION = YES;
				CLANG_WARN_INFINITE_RECURSION = YES;
				CLANG_WARN_INT_CONVERSION = YES;
				CLANG_WARN_NON_LITERAL_NULL_CONVERSION = YES;
				CLANG_WARN_OBJC_IMPLICIT_RETAIN_SELF = YES;
				CLANG_WARN_OBJC_LITERAL_CONVERSION = YES;
				CLANG_WARN_OBJC_ROOT_CLASS = YES_ERROR;
				CLANG_WARN_RANGE_LOOP_ANALYSIS = YES;
				CLANG_WARN_STRICT_PROTOTYPES = YES;
				CLANG_WARN_SUSPICIOUS_MOVE = YES;
				CLANG_WARN_UNGUARDED_AVAILABILITY = YES_AGGRESSIVE;
				CLANG_WARN_UNREACHABLE_CODE = YES;
				CLANG_WARN__DUPLICATE_METHOD_MATCH = YES;
				COPY_PHASE_STRIP = NO;
				DEBUG_INFORMATION_FORMAT = "dwarf-with-dsym";
				ENABLE_NS_ASSERTIONS = NO;
				ENABLE_STRICT_OBJC_MSGSEND = YES;
				GCC_C_LANGUAGE_STANDARD = gnu11;
				GCC_NO_COMMON_BLOCKS = YES;
				GCC_WARN_64_TO_32_BIT_CONVERSION = YES;
				GCC_WARN_ABOUT_RETURN_TYPE = YES_ERROR;
				GCC_WARN_UNDECLARED_SELECTOR = YES;
				GCC_WARN_UNINITIALIZED_AUTOS = YES_AGGRESSIVE;
				GCC_WARN_UNUSED_FUNCTION = YES;
				GCC_WARN_UNUSED_VARIABLE = YES;
				IPHONEOS_DEPLOYMENT_TARGET = 13.2;
				MTL_ENABLE_DEBUG_INFO = NO;
				MTL_FAST_MATH = YES;
				SDKROOT = iphoneos;
				VALIDATE_PRODUCT = YES;
			};
			name = Release;
		};
		086BC598240467D000AEA4A7 /* Debug */ = {
			isa = XCBuildConfiguration;
			buildSettings = {
				ASSETCATALOG_COMPILER_APPICON_NAME = AppIcon;
				CODE_SIGN_STYLE = Automatic;
				DEVELOPMENT_TEAM = S6Q4TTHC77;
				INFOPLIST_FILE = MetalCube/Info.plist;
				LD_RUNPATH_SEARCH_PATHS = (
					"$(inherited)",
					"@executable_path/Frameworks",
				);
				PRODUCT_BUNDLE_IDENTIFIER = xoio.MetalCube;
				PRODUCT_NAME = "$(TARGET_NAME)";
				TARGETED_DEVICE_FAMILY = "1,2";
			};
			name = Debug;
		};
		086BC599240467D000AEA4A7 /* Release */ = {
			isa = XCBuildConfiguration;
			buildSettings = {
				ASSETCATALOG_COMPILER_APPICON_NAME = AppIcon;
				CODE_SIGN_STYLE = Automatic;
				DEVELOPMENT_TEAM = S6Q4TTHC77;
				INFOPLIST_FILE = MetalCube/Info.plist;
				LD_RUNPATH_SEARCH_PATHS = (
					"$(inherited)",
					"@executable_path/Frameworks",
				);
				PRODUCT_BUNDLE_IDENTIFIER = xoio.MetalCube;
				PRODUCT_NAME = "$(TARGET_NAME)";
				TARGETED_DEVICE_FAMILY = "1,2";
			};
			name = Release;
		};
/* End XCBuildConfiguration section */

/* Begin XCConfigurationList section */
		086BC579240467CF00AEA4A7 /* Build configuration list for PBXProject "MetalCube" */ = {
			isa = XCConfigurationList;
			buildConfigurations = (
				086BC595240467D000AEA4A7 /* Debug */,
				086BC596240467D000AEA4A7 /* Release */,
			);
			defaultConfigurationIsVisible = 0;
			defaultConfigurationName = Release;
		};
		086BC597240467D000AEA4A7 /* Build configuration list for PBXNativeTarget "MetalCube" */ = {
			isa = XCConfigurationList;
			buildConfigurations = (
				086BC598240467D000AEA4A7 /* Debug */,
				086BC599240467D000AEA4A7 /* Release */,
			);
			defaultConfigurationIsVisible = 0;
			defaultConfigurationName = Release;
		};
/* End XCConfigurationList section */
	};
	rootObject = 086BC576240467CF00AEA4A7 /* Project object */;
}
